// !$*UTF8*$!
{
	archiveVersion = 1;
	classes = {
	};
	objectVersion = 46;
	objects = {

/* Begin PBXBuildFile section */
		14BC18171BBAB9ED0084CD51 /* main.m in Sources */ = {isa = PBXBuildFile; fileRef = 14BC18161BBAB9ED0084CD51 /* main.m */; };
		14BC181A1BBAB9ED0084CD51 /* AppDelegate.m in Sources */ = {isa = PBXBuildFile; fileRef = 14BC18191BBAB9ED0084CD51 /* AppDelegate.m */; };
		14BC181D1BBAB9ED0084CD51 /* ViewController.m in Sources */ = {isa = PBXBuildFile; fileRef = 14BC181C1BBAB9ED0084CD51 /* ViewController.m */; };
		14BC18201BBAB9ED0084CD51 /* Main.storyboard in Resources */ = {isa = PBXBuildFile; fileRef = 14BC181E1BBAB9ED0084CD51 /* Main.storyboard */; };
		14BC18221BBAB9ED0084CD51 /* Images.xcassets in Resources */ = {isa = PBXBuildFile; fileRef = 14BC18211BBAB9ED0084CD51 /* Images.xcassets */; };
		14BC18251BBAB9ED0084CD51 /* LaunchScreen.xib in Resources */ = {isa = PBXBuildFile; fileRef = 14BC18231BBAB9ED0084CD51 /* LaunchScreen.xib */; };
		14BC18311BBAB9EE0084CD51 /* InterfaceBuildTestTests.m in Sources */ = {isa = PBXBuildFile; fileRef = 14BC18301BBAB9EE0084CD51 /* InterfaceBuildTestTests.m */; };
		14BC184B1BBD69B10084CD51 /* ScrollerViewController.m in Sources */ = {isa = PBXBuildFile; fileRef = 14BC184A1BBD69B10084CD51 /* ScrollerViewController.m */; };
		14BC184F1BBD6CA00084CD51 /* UIView+Adjust.m in Sources */ = {isa = PBXBuildFile; fileRef = 14BC184E1BBD6CA00084CD51 /* UIView+Adjust.m */; };
		14BC18521BBD6E1B0084CD51 /* ControlView.m in Sources */ = {isa = PBXBuildFile; fileRef = 14BC18511BBD6E1B0084CD51 /* ControlView.m */; };
/* End PBXBuildFile section */

/* Begin PBXContainerItemProxy section */
		14BC182B1BBAB9EE0084CD51 /* PBXContainerItemProxy */ = {
			isa = PBXContainerItemProxy;
			containerPortal = 14BC18091BBAB9ED0084CD51 /* Project object */;
			proxyType = 1;
			remoteGlobalIDString = 14BC18101BBAB9ED0084CD51;
			remoteInfo = InterfaceBuildTest;
		};
/* End PBXContainerItemProxy section */

/* Begin PBXFileReference section */
		14BC18111BBAB9ED0084CD51 /* InterfaceBuildTest.app */ = {isa = PBXFileReference; explicitFileType = wrapper.application; includeInIndex = 0; path = InterfaceBuildTest.app; sourceTree = BUILT_PRODUCTS_DIR; };
		14BC18151BBAB9ED0084CD51 /* Info.plist */ = {isa = PBXFileReference; lastKnownFileType = text.plist.xml; path = Info.plist; sourceTree = "<group>"; };
		14BC18161BBAB9ED0084CD51 /* main.m */ = {isa = PBXFileReference; lastKnownFileType = sourcecode.c.objc; path = main.m; sourceTree = "<group>"; };
		14BC18181BBAB9ED0084CD51 /* AppDelegate.h */ = {isa = PBXFileReference; lastKnownFileType = sourcecode.c.h; path = AppDelegate.h; sourceTree = "<group>"; };
		14BC18191BBAB9ED0084CD51 /* AppDelegate.m */ = {isa = PBXFileReference; lastKnownFileType = sourcecode.c.objc; path = AppDelegate.m; sourceTree = "<group>"; };
		14BC181B1BBAB9ED0084CD51 /* ViewController.h */ = {isa = PBXFileReference; lastKnownFileType = sourcecode.c.h; path = ViewController.h; sourceTree = "<group>"; };
		14BC181C1BBAB9ED0084CD51 /* ViewController.m */ = {isa = PBXFileReference; lastKnownFileType = sourcecode.c.objc; path = ViewController.m; sourceTree = "<group>"; };
		14BC181F1BBAB9ED0084CD51 /* Base */ = {isa = PBXFileReference; lastKnownFileType = file.storyboard; name = Base; path = Base.lproj/Main.storyboard; sourceTree = "<group>"; };
		14BC18211BBAB9ED0084CD51 /* Images.xcassets */ = {isa = PBXFileReference; lastKnownFileType = folder.assetcatalog; path = Images.xcassets; sourceTree = "<group>"; };
		14BC18241BBAB9ED0084CD51 /* Base */ = {isa = PBXFileReference; lastKnownFileType = file.xib; name = Base; path = Base.lproj/LaunchScreen.xib; sourceTree = "<group>"; };
		14BC182A1BBAB9EE0084CD51 /* InterfaceBuildTestTests.xctest */ = {isa = PBXFileReference; explicitFileType = wrapper.cfbundle; includeInIndex = 0; path = InterfaceBuildTestTests.xctest; sourceTree = BUILT_PRODUCTS_DIR; };
		14BC182F1BBAB9EE0084CD51 /* Info.plist */ = {isa = PBXFileReference; lastKnownFileType = text.plist.xml; path = Info.plist; sourceTree = "<group>"; };
		14BC18301BBAB9EE0084CD51 /* InterfaceBuildTestTests.m */ = {isa = PBXFileReference; lastKnownFileType = sourcecode.c.objc; path = InterfaceBuildTestTests.m; sourceTree = "<group>"; };
		14BC18471BBAF10F0084CD51 /* Interface-PrefixHeader.pch */ = {isa = PBXFileReference; fileEncoding = 4; lastKnownFileType = sourcecode.c.h; path = "Interface-PrefixHeader.pch"; sourceTree = "<group>"; };
		14BC18491BBD69B10084CD51 /* ScrollerViewController.h */ = {isa = PBXFileReference; fileEncoding = 4; lastKnownFileType = sourcecode.c.h; path = ScrollerViewController.h; sourceTree = "<group>"; };
		14BC184A1BBD69B10084CD51 /* ScrollerViewController.m */ = {isa = PBXFileReference; fileEncoding = 4; lastKnownFileType = sourcecode.c.objc; path = ScrollerViewController.m; sourceTree = "<group>"; };
		14BC184D1BBD6CA00084CD51 /* UIView+Adjust.h */ = {isa = PBXFileReference; fileEncoding = 4; lastKnownFileType = sourcecode.c.h; path = "UIView+Adjust.h"; sourceTree = "<group>"; };
		14BC184E1BBD6CA00084CD51 /* UIView+Adjust.m */ = {isa = PBXFileReference; fileEncoding = 4; lastKnownFileType = sourcecode.c.objc; path = "UIView+Adjust.m"; sourceTree = "<group>"; };
		14BC18501BBD6E1B0084CD51 /* ControlView.h */ = {isa = PBXFileReference; fileEncoding = 4; lastKnownFileType = sourcecode.c.h; path = ControlView.h; sourceTree = "<group>"; };
		14BC18511BBD6E1B0084CD51 /* ControlView.m */ = {isa = PBXFileReference; fileEncoding = 4; lastKnownFileType = sourcecode.c.objc; path = ControlView.m; sourceTree = "<group>"; };
/* End PBXFileReference section */

/* Begin PBXFrameworksBuildPhase section */
		14BC180E1BBAB9ED0084CD51 /* Frameworks */ = {
			isa = PBXFrameworksBuildPhase;
			buildActionMask = 2147483647;
			files = (
			);
			runOnlyForDeploymentPostprocessing = 0;
		};
		14BC18271BBAB9EE0084CD51 /* Frameworks */ = {
			isa = PBXFrameworksBuildPhase;
			buildActionMask = 2147483647;
			files = (
			);
			runOnlyForDeploymentPostprocessing = 0;
		};
/* End PBXFrameworksBuildPhase section */

/* Begin PBXGroup section */
		14BC18081BBAB9ED0084CD51 = {
			isa = PBXGroup;
			children = (
				14BC18131BBAB9ED0084CD51 /* InterfaceBuildTest */,
				14BC182D1BBAB9EE0084CD51 /* InterfaceBuildTestTests */,
				14BC18121BBAB9ED0084CD51 /* Products */,
			);
			sourceTree = "<group>";
		};
		14BC18121BBAB9ED0084CD51 /* Products */ = {
			isa = PBXGroup;
			children = (
				14BC18111BBAB9ED0084CD51 /* InterfaceBuildTest.app */,
				14BC182A1BBAB9EE0084CD51 /* InterfaceBuildTestTests.xctest */,
			);
			name = Products;
			sourceTree = "<group>";
		};
		14BC18131BBAB9ED0084CD51 /* InterfaceBuildTest */ = {
			isa = PBXGroup;
			children = (
				14BC184C1BBD6C530084CD51 /* Tool */,
				14BC18481BBD69B10084CD51 /* ScrollView */,
				14BC18181BBAB9ED0084CD51 /* AppDelegate.h */,
				14BC18191BBAB9ED0084CD51 /* AppDelegate.m */,
				14BC181B1BBAB9ED0084CD51 /* ViewController.h */,
				14BC181C1BBAB9ED0084CD51 /* ViewController.m */,
				14BC181E1BBAB9ED0084CD51 /* Main.storyboard */,
				14BC18211BBAB9ED0084CD51 /* Images.xcassets */,
				14BC18231BBAB9ED0084CD51 /* LaunchScreen.xib */,
				14BC18141BBAB9ED0084CD51 /* Supporting Files */,
			);
			path = InterfaceBuildTest;
			sourceTree = "<group>";
		};
		14BC18141BBAB9ED0084CD51 /* Supporting Files */ = {
			isa = PBXGroup;
			children = (
				14BC18151BBAB9ED0084CD51 /* Info.plist */,
				14BC18161BBAB9ED0084CD51 /* main.m */,
				14BC18471BBAF10F0084CD51 /* Interface-PrefixHeader.pch */,
			);
			name = "Supporting Files";
			sourceTree = "<group>";
		};
		14BC182D1BBAB9EE0084CD51 /* InterfaceBuildTestTests */ = {
			isa = PBXGroup;
			children = (
				14BC18301BBAB9EE0084CD51 /* InterfaceBuildTestTests.m */,
				14BC182E1BBAB9EE0084CD51 /* Supporting Files */,
			);
			path = InterfaceBuildTestTests;
			sourceTree = "<group>";
		};
		14BC182E1BBAB9EE0084CD51 /* Supporting Files */ = {
			isa = PBXGroup;
			children = (
				14BC182F1BBAB9EE0084CD51 /* Info.plist */,
			);
			name = "Supporting Files";
			sourceTree = "<group>";
		};
		14BC18481BBD69B10084CD51 /* ScrollView */ = {
			isa = PBXGroup;
			children = (
				14BC18491BBD69B10084CD51 /* ScrollerViewController.h */,
				14BC184A1BBD69B10084CD51 /* ScrollerViewController.m */,
				14BC18501BBD6E1B0084CD51 /* ControlView.h */,
				14BC18511BBD6E1B0084CD51 /* ControlView.m */,
			);
			path = ScrollView;
			sourceTree = "<group>";
		};
		14BC184C1BBD6C530084CD51 /* Tool */ = {
			isa = PBXGroup;
			children = (
				14BC184D1BBD6CA00084CD51 /* UIView+Adjust.h */,
				14BC184E1BBD6CA00084CD51 /* UIView+Adjust.m */,
			);
			path = Tool;
			sourceTree = "<group>";
		};
/* End PBXGroup section */

/* Begin PBXNativeTarget section */
		14BC18101BBAB9ED0084CD51 /* InterfaceBuildTest */ = {
			isa = PBXNativeTarget;
			buildConfigurationList = 14BC18341BBAB9EE0084CD51 /* Build configuration list for PBXNativeTarget "InterfaceBuildTest" */;
			buildPhases = (
				14BC180D1BBAB9ED0084CD51 /* Sources */,
				14BC180E1BBAB9ED0084CD51 /* Frameworks */,
				14BC180F1BBAB9ED0084CD51 /* Resources */,
			);
			buildRules = (
			);
			dependencies = (
			);
			name = InterfaceBuildTest;
			productName = InterfaceBuildTest;
			productReference = 14BC18111BBAB9ED0084CD51 /* InterfaceBuildTest.app */;
			productType = "com.apple.product-type.application";
		};
		14BC18291BBAB9EE0084CD51 /* InterfaceBuildTestTests */ = {
			isa = PBXNativeTarget;
			buildConfigurationList = 14BC18371BBAB9EE0084CD51 /* Build configuration list for PBXNativeTarget "InterfaceBuildTestTests" */;
			buildPhases = (
				14BC18261BBAB9EE0084CD51 /* Sources */,
				14BC18271BBAB9EE0084CD51 /* Frameworks */,
				14BC18281BBAB9EE0084CD51 /* Resources */,
			);
			buildRules = (
			);
			dependencies = (
				14BC182C1BBAB9EE0084CD51 /* PBXTargetDependency */,
			);
			name = InterfaceBuildTestTests;
			productName = InterfaceBuildTestTests;
			productReference = 14BC182A1BBAB9EE0084CD51 /* InterfaceBuildTestTests.xctest */;
			productType = "com.apple.product-type.bundle.unit-test";
		};
/* End PBXNativeTarget section */

/* Begin PBXProject section */
		14BC18091BBAB9ED0084CD51 /* Project object */ = {
			isa = PBXProject;
			attributes = {
				LastUpgradeCheck = 0640;
				ORGANIZATIONNAME = "洪泽泓";
				TargetAttributes = {
					14BC18101BBAB9ED0084CD51 = {
						CreatedOnToolsVersion = 6.4;
					};
					14BC18291BBAB9EE0084CD51 = {
						CreatedOnToolsVersion = 6.4;
						TestTargetID = 14BC18101BBAB9ED0084CD51;
					};
				};
			};
			buildConfigurationList = 14BC180C1BBAB9ED0084CD51 /* Build configuration list for PBXProject "InterfaceBuildTest" */;
			compatibilityVersion = "Xcode 3.2";
			developmentRegion = English;
			hasScannedForEncodings = 0;
			knownRegions = (
				en,
				Base,
			);
			mainGroup = 14BC18081BBAB9ED0084CD51;
			productRefGroup = 14BC18121BBAB9ED0084CD51 /* Products */;
			projectDirPath = "";
			projectRoot = "";
			targets = (
				14BC18101BBAB9ED0084CD51 /* InterfaceBuildTest */,
				14BC18291BBAB9EE0084CD51 /* InterfaceBuildTestTests */,
			);
		};
/* End PBXProject section */

/* Begin PBXResourcesBuildPhase section */
		14BC180F1BBAB9ED0084CD51 /* Resources */ = {
			isa = PBXResourcesBuildPhase;
			buildActionMask = 2147483647;
			files = (
				14BC18201BBAB9ED0084CD51 /* Main.storyboard in Resources */,
				14BC18251BBAB9ED0084CD51 /* LaunchScreen.xib in Resources */,
				14BC18221BBAB9ED0084CD51 /* Images.xcassets in Resources */,
			);
			runOnlyForDeploymentPostprocessing = 0;
		};
		14BC18281BBAB9EE0084CD51 /* Resources */ = {
			isa = PBXResourcesBuildPhase;
			buildActionMask = 2147483647;
			files = (
			);
			runOnlyForDeploymentPostprocessing = 0;
		};
/* End PBXResourcesBuildPhase section */

/* Begin PBXSourcesBuildPhase section */
		14BC180D1BBAB9ED0084CD51 /* Sources */ = {
			isa = PBXSourcesBuildPhase;
			buildActionMask = 2147483647;
			files = (
				14BC184B1BBD69B10084CD51 /* ScrollerViewController.m in Sources */,
				14BC181D1BBAB9ED0084CD51 /* ViewController.m in Sources */,
				14BC18521BBD6E1B0084CD51 /* ControlView.m in Sources */,
				14BC184F1BBD6CA00084CD51 /* UIView+Adjust.m in Sources */,
				14BC181A1BBAB9ED0084CD51 /* AppDelegate.m in Sources */,
				14BC18171BBAB9ED0084CD51 /* main.m in Sources */,
			);
			runOnlyForDeploymentPostprocessing = 0;
		};
		14BC18261BBAB9EE0084CD51 /* Sources */ = {
			isa = PBXSourcesBuildPhase;
			buildActionMask = 2147483647;
			files = (
				14BC18311BBAB9EE0084CD51 /* InterfaceBuildTestTests.m in Sources */,
			);
			runOnlyForDeploymentPostprocessing = 0;
		};
/* End PBXSourcesBuildPhase section */

/* Begin PBXTargetDependency section */
		14BC182C1BBAB9EE0084CD51 /* PBXTargetDependency */ = {
			isa = PBXTargetDependency;
			target = 14BC18101BBAB9ED0084CD51 /* InterfaceBuildTest */;
			targetProxy = 14BC182B1BBAB9EE0084CD51 /* PBXContainerItemProxy */;
		};
/* End PBXTargetDependency section */

/* Begin PBXVariantGroup section */
		14BC181E1BBAB9ED0084CD51 /* Main.storyboard */ = {
			isa = PBXVariantGroup;
			children = (
				14BC181F1BBAB9ED0084CD51 /* Base */,
			);
			name = Main.storyboard;
			sourceTree = "<group>";
		};
		14BC18231BBAB9ED0084CD51 /* LaunchScreen.xib */ = {
			isa = PBXVariantGroup;
			children = (
				14BC18241BBAB9ED0084CD51 /* Base */,
			);
			name = LaunchScreen.xib;
			sourceTree = "<group>";
		};
/* End PBXVariantGroup section */

/* Begin XCBuildConfiguration section */
		14BC18321BBAB9EE0084CD51 /* Debug */ = {
			isa = XCBuildConfiguration;
			buildSettings = {
				ALWAYS_SEARCH_USER_PATHS = NO;
				CLANG_CXX_LANGUAGE_STANDARD = "gnu++0x";
				CLANG_CXX_LIBRARY = "libc++";
				CLANG_ENABLE_MODULES = YES;
				CLANG_ENABLE_OBJC_ARC = YES;
				CLANG_WARN_BOOL_CONVERSION = YES;
				CLANG_WARN_CONSTANT_CONVERSION = YES;
				CLANG_WARN_DIRECT_OBJC_ISA_USAGE = YES_ERROR;
				CLANG_WARN_EMPTY_BODY = YES;
				CLANG_WARN_ENUM_CONVERSION = YES;
				CLANG_WARN_INT_CONVERSION = YES;
				CLANG_WARN_OBJC_ROOT_CLASS = YES_ERROR;
				CLANG_WARN_UNREACHABLE_CODE = YES;
				CLANG_WARN__DUPLICATE_METHOD_MATCH = YES;
				"CODE_SIGN_IDENTITY[sdk=iphoneos*]" = "iPhone Developer";
				COPY_PHASE_STRIP = NO;
				DEBUG_INFORMATION_FORMAT = "dwarf-with-dsym";
				ENABLE_STRICT_OBJC_MSGSEND = YES;
				GCC_C_LANGUAGE_STANDARD = gnu99;
				GCC_DYNAMIC_NO_PIC = NO;
				GCC_NO_COMMON_BLOCKS = YES;
				GCC_OPTIMIZATION_LEVEL = 0;
				GCC_PREPROCESSOR_DEFINITIONS = (
					"DEBUG=1",
					"$(inherited)",
				);
				GCC_SYMBOLS_PRIVATE_EXTERN = NO;
				GCC_WARN_64_TO_32_BIT_CONVERSION = YES;
				GCC_WARN_ABOUT_RETURN_TYPE = YES_ERROR;
				GCC_WARN_UNDECLARED_SELECTOR = YES;
				GCC_WARN_UNINITIALIZED_AUTOS = YES_AGGRESSIVE;
				GCC_WARN_UNUSED_FUNCTION = YES;
				GCC_WARN_UNUSED_VARIABLE = YES;
				IPHONEOS_DEPLOYMENT_TARGET = 8.4;
				MTL_ENABLE_DEBUG_INFO = YES;
				ONLY_ACTIVE_ARCH = YES;
				SDKROOT = iphoneos;
			};
			name = Debug;
		};
		14BC18331BBAB9EE0084CD51 /* Release */ = {
			isa = XCBuildConfiguration;
			buildSettings = {
				ALWAYS_SEARCH_USER_PATHS = NO;
				CLANG_CXX_LANGUAGE_STANDARD = "gnu++0x";
				CLANG_CXX_LIBRARY = "libc++";
				CLANG_ENABLE_MODULES = YES;
				CLANG_ENABLE_OBJC_ARC = YES;
				CLANG_WARN_BOOL_CONVERSION = YES;
				CLANG_WARN_CONSTANT_CONVERSION = YES;
				CLANG_WARN_DIRECT_OBJC_ISA_USAGE = YES_ERROR;
				CLANG_WARN_EMPTY_BODY = YES;
				CLANG_WARN_ENUM_CONVERSION = YES;
				CLANG_WARN_INT_CONVERSION = YES;
				CLANG_WARN_OBJC_ROOT_CLASS = YES_ERROR;
				CLANG_WARN_UNREACHABLE_CODE = YES;
				CLANG_WARN__DUPLICATE_METHOD_MATCH = YES;
				"CODE_SIGN_IDENTITY[sdk=iphoneos*]" = "iPhone Developer";
				COPY_PHASE_STRIP = NO;
				DEBUG_INFORMATION_FORMAT = "dwarf-with-dsym";
				ENABLE_NS_ASSERTIONS = NO;
				ENABLE_STRICT_OBJC_MSGSEND = YES;
				GCC_C_LANGUAGE_STANDARD = gnu99;
				GCC_NO_COMMON_BLOCKS = YES;
				GCC_WARN_64_TO_32_BIT_CONVERSION = YES;
				GCC_WARN_ABOUT_RETURN_TYPE = YES_ERROR;
				GCC_WARN_UNDECLARED_SELECTOR = YES;
				GCC_WARN_UNINITIALIZED_AUTOS = YES_AGGRESSIVE;
				GCC_WARN_UNUSED_FUNCTION = YES;
				GCC_WARN_UNUSED_VARIABLE = YES;
				IPHONEOS_DEPLOYMENT_TARGET = 8.4;
				MTL_ENABLE_DEBUG_INFO = NO;
				SDKROOT = iphoneos;
				VALIDATE_PRODUCT = YES;
			};
			name = Release;
		};
		14BC18351BBAB9EE0084CD51 /* Debug */ = {
			isa = XCBuildConfiguration;
			buildSettings = {
				ASSETCATALOG_COMPILER_APPICON_NAME = AppIcon;
				GCC_PREFIX_HEADER = "InterfaceBuildTest/Interface-PrefixHeader.pch";
				INFOPLIST_FILE = InterfaceBuildTest/Info.plist;
				LD_RUNPATH_SEARCH_PATHS = "$(inherited) @executable_path/Frameworks";
				PRODUCT_NAME = "$(TARGET_NAME)";
			};
			name = Debug;
		};
		14BC18361BBAB9EE0084CD51 /* Release */ = {
			isa = XCBuildConfiguration;
			buildSettings = {
				ASSETCATALOG_COMPILER_APPICON_NAME = AppIcon;
				GCC_PREFIX_HEADER = "InterfaceBuildTest/Interface-PrefixHeader.pch";
				INFOPLIST_FILE = InterfaceBuildTest/Info.plist;
				LD_RUNPATH_SEARCH_PATHS = "$(inherited) @executable_path/Frameworks";
				PRODUCT_NAME = "$(TARGET_NAME)";
			};
			name = Release;
		};
		14BC18381BBAB9EE0084CD51 /* Debug */ = {
			isa = XCBuildConfiguration;
			buildSettings = {
				BUNDLE_LOADER = "$(TEST_HOST)";
				FRAMEWORK_SEARCH_PATHS = (
					"$(SDKROOT)/Developer/Library/Frameworks",
					"$(inherited)",
				);
				GCC_PREPROCESSOR_DEFINITIONS = (
					"DEBUG=1",
					"$(inherited)",
				);
				INFOPLIST_FILE = InterfaceBuildTestTests/Info.plist;
				LD_RUNPATH_SEARCH_PATHS = "$(inherited) @executable_path/Frameworks @loader_path/Frameworks";
				PRODUCT_NAME = "$(TARGET_NAME)";
				TEST_HOST = "$(BUILT_PRODUCTS_DIR)/InterfaceBuildTest.app/InterfaceBuildTest";
			};
			name = Debug;
		};
		14BC18391BBAB9EE0084CD51 /* Release */ = {
			isa = XCBuildConfiguration;
			buildSettings = {
				BUNDLE_LOADER = "$(TEST_HOST)";
				FRAMEWORK_SEARCH_PATHS = (
					"$(SDKROOT)/Developer/Library/Frameworks",
					"$(inherited)",
				);
				INFOPLIST_FILE = InterfaceBuildTestTests/Info.plist;
				LD_RUNPATH_SEARCH_PATHS = "$(inherited) @executable_path/Frameworks @loader_path/Frameworks";
				PRODUCT_NAME = "$(TARGET_NAME)";
				TEST_HOST = "$(BUILT_PRODUCTS_DIR)/InterfaceBuildTest.app/InterfaceBuildTest";
			};
			name = Release;
		};
/* End XCBuildConfiguration section */

/* Begin XCConfigurationList section */
		14BC180C1BBAB9ED0084CD51 /* Build configuration list for PBXProject "InterfaceBuildTest" */ = {
			isa = XCConfigurationList;
			buildConfigurations = (
				14BC18321BBAB9EE0084CD51 /* Debug */,
				14BC18331BBAB9EE0084CD51 /* Release */,
			);
			defaultConfigurationIsVisible = 0;
			defaultConfigurationName = Release;
		};
		14BC18341BBAB9EE0084CD51 /* Build configuration list for PBXNativeTarget "InterfaceBuildTest" */ = {
			isa = XCConfigurationList;
			buildConfigurations = (
				14BC18351BBAB9EE0084CD51 /* Debug */,
				14BC18361BBAB9EE0084CD51 /* Release */,
			);
			defaultConfigurationIsVisible = 0;
			defaultConfigurationName = Release;
		};
		14BC18371BBAB9EE0084CD51 /* Build configuration list for PBXNativeTarget "InterfaceBuildTestTests" */ = {
			isa = XCConfigurationList;
			buildConfigurations = (
				14BC18381BBAB9EE0084CD51 /* Debug */,
				14BC18391BBAB9EE0084CD51 /* Release */,
			);
			defaultConfigurationIsVisible = 0;
			defaultConfigurationName = Release;
		};
/* End XCConfigurationList section */
	};
	rootObject = 14BC18091BBAB9ED0084CD51 /* Project object */;
}
